
Microsoft Visual Studio Solution File, Format Version 12.00
# Visual Studio Version 17
VisualStudioVersion = 17.7.34024.191
MinimumVisualStudioVersion = 10.0.40219.1
Project("{FAE04EC0-301F-11D3-BF4B-00C04F79EFBC}") = "Safin_avtoservis", "Safin_avtoservis.csproj", "{8BA3DBD0-31B1-4BC6-A1A7-0C44946D7FB1}"
EndProject
Global
	GlobalSection(SolutionConfigurationPlatforms) = preSolution
		Debug|Any CPU = Debug|Any CPU
		Release|Any CPU = Release|Any CPU
	EndGlobalSection
	GlobalSection(ProjectConfigurationPlatforms) = postSolution
		{8BA3DBD0-31B1-4BC6-A1A7-0C44946D7FB1}.Debug|Any CPU.ActiveCfg = Debug|Any CPU
		{8BA3DBD0-31B1-4BC6-A1A7-0C44946D7FB1}.Debug|Any CPU.Build.0 = Debug|Any CPU
		{8BA3DBD0-31B1-4BC6-A1A7-0C44946D7FB1}.Release|Any CPU.ActiveCfg = Release|Any CPU
		{8BA3DBD0-31B1-4BC6-A1A7-0C44946D7FB1}.Release|Any CPU.Build.0 = Release|Any CPU
	EndGlobalSection
	GlobalSection(SolutionProperties) = preSolution
		HideSolutionNode = FALSE
	EndGlobalSection
	GlobalSection(ExtensibilityGlobals) = postSolution
		SolutionGuid = {01EE4754-7386-4319-BE59-995D4AC5D6EB}
	EndGlobalSection
EndGlobal
